{
  "nodes": {
    "home-manager": {
      "inputs": {
        "nixpkgs": "nixpkgs",
        "utils": "utils"
      },
      "locked": {
        "lastModified": 1677533532,
        "narHash": "sha256-2Ie47MONhIFOxvbLmwhmCCe/IoVDVd7YnoK61vu5Xy8=",
        "owner": "nix-community",
        "repo": "home-manager",
        "rev": "305daba44a9df57738cffc67c08129005a25579a",
        "type": "github"
      },
      "original": {
        "id": "home-manager",
        "type": "indirect"
      }
    },
    "my-nixpkgs": {
      "inputs": {
        "nur": "nur"
      },
      "locked": {
        "lastModified": 1677602869,
        "narHash": "sha256-MJlDNLdBIh8pjlkS+lArXFH/Xu2GkAFc+3cbI/BHmxM=",
        "owner": "qaristote",
        "repo": "my-nixpkgs",
        "rev": "70d60e5ee6d1092f765807b8483c9c16d2afa678",
        "type": "github"
      },
      "original": {
        "owner": "qaristote",
        "repo": "my-nixpkgs",
        "type": "github"
      }
    },
    "nixos-hardware": {
      "locked": {
        "lastModified": 1677591639,
        "narHash": "sha256-DMlAyge+u3K+JOFLA5YfdjqagdAYJf29YGBWpy5izg4=",
        "owner": "NixOS",
        "repo": "nixos-hardware",
        "rev": "77de4cd09db4dbee9551ed2853cfcf113d7dc5ce",
        "type": "github"
      },
      "original": {
        "id": "nixos-hardware",
        "type": "indirect"
      }
    },
    "nixpkgs": {
      "locked": {
        "lastModified": 1675115703,
        "narHash": "sha256-4zetAPSyY0D77x+Ww9QBe8RHn1akvIvHJ/kgg8kGDbk=",
        "owner": "nixos",
        "repo": "nixpkgs",
        "rev": "2caf4ef5005ecc68141ecb4aac271079f7371c44",
        "type": "github"
      },
      "original": {
        "owner": "nixos",
        "ref": "nixos-unstable",
        "repo": "nixpkgs",
        "type": "github"
      }
    },
    "nixpkgs_2": {
      "locked": {
        "lastModified": 1677534593,
        "narHash": "sha256-PuZSAHeq4/9pP/uYH1FcagQ3nLm/DrDrvKi/xC9glvw=",
        "owner": "NixOS",
        "repo": "nixpkgs",
        "rev": "3ad64d9e2d5bf80c877286102355b1625891ae9a",
        "type": "github"
      },
      "original": {
        "id": "nixpkgs",
        "type": "indirect"
      }
    },
    "nur": {
      "locked": {
        "lastModified": 1677597677,
        "narHash": "sha256-kMzD7yM2CCufYGPeWnr/an34T/R+q0XhDc3ovRPnRAQ=",
        "owner": "nix-community",
        "repo": "NUR",
        "rev": "2555258bba1dd730da5f3a27240d6f526ee40c4e",
        "type": "github"
      },
      "original": {
        "id": "nur",
        "type": "indirect"
      }
    },
    "root": {
      "inputs": {
        "home-manager": "home-manager",
        "my-nixpkgs": "my-nixpkgs",
        "nixos-hardware": "nixos-hardware",
        "nixpkgs": "nixpkgs_2"
      }
    },
    "utils": {
      "locked": {
        "lastModified": 1667395993,
        "narHash": "sha256-nuEHfE/LcWyuSWnS8t12N1wc105Qtau+/OdUAjtQ0rA=",
        "owner": "numtide",
        "repo": "flake-utils",
        "rev": "5aed5285a952e0b949eb3ba02c12fa4fcfef535f",
        "type": "github"
      },
      "original": {
        "owner": "numtide",
        "repo": "flake-utils",
        "type": "github"
      }
    }
  },
  "root": "root",
  "version": 7
}
