{
  "nodes": {
    "home-manager": {
      "inputs": {
        "nixpkgs": "nixpkgs",
        "utils": "utils"
      },
      "locked": {
        "lastModified": 1677013990,
        "narHash": "sha256-HwAnE5MHsyLiRJp50KfDFPiiOZXI0Ts8hXpIh6yBilE=",
        "owner": "nix-community",
        "repo": "home-manager",
        "rev": "564b82b3542026e7fb5d0da16c56ae3e40e5c9dd",
        "type": "github"
      },
      "original": {
        "id": "home-manager",
        "type": "indirect"
      }
    },
    "my-nixpkgs": {
      "inputs": {
        "nur": "nur"
      },
      "locked": {
        "lastModified": 1676844532,
        "narHash": "sha256-QG/MXVNO49SBht9tIB4UGzt2ByjyyJr6qvQe6eDiOzk=",
        "type": "git",
        "url": "file:///home/qaristote/code/nix/my-nixpkgs"
      },
      "original": {
        "type": "git",
        "url": "file:///home/qaristote/code/nix/my-nixpkgs"
      }
    },
    "nixos-hardware": {
      "locked": {
        "lastModified": 1676924492,
        "narHash": "sha256-78278eyP55JRFe7UCpmFwdkrTY6H2arzTpVeteWo8kM=",
        "owner": "NixOS",
        "repo": "nixos-hardware",
        "rev": "d24ea777c57b69c6b143cf11d83184ef71b0dbbf",
        "type": "github"
      },
      "original": {
        "id": "nixos-hardware",
        "type": "indirect"
      }
    },
    "nixpkgs": {
      "locked": {
        "lastModified": 1675115703,
        "narHash": "sha256-4zetAPSyY0D77x+Ww9QBe8RHn1akvIvHJ/kgg8kGDbk=",
        "owner": "nixos",
        "repo": "nixpkgs",
        "rev": "2caf4ef5005ecc68141ecb4aac271079f7371c44",
        "type": "github"
      },
      "original": {
        "owner": "nixos",
        "ref": "nixos-unstable",
        "repo": "nixpkgs",
        "type": "github"
      }
    },
    "nixpkgs_2": {
      "locked": {
        "lastModified": 1677050843,
        "narHash": "sha256-3fcFxn58eCtrXrVPeW/nAg6NR5wUERVEf8zOtjPDzuM=",
        "owner": "NixOS",
        "repo": "nixpkgs",
        "rev": "9e0eed654c705c7cafe192a8eba1610217f70544",
        "type": "github"
      },
      "original": {
        "id": "nixpkgs",
        "type": "indirect"
      }
    },
    "nur": {
      "locked": {
        "lastModified": 1677012355,
        "narHash": "sha256-ccE3BQPMA0R5fR3jJRX/CUa4FmcLSoK5RvUreTpT/HY=",
        "owner": "nix-community",
        "repo": "NUR",
        "rev": "6f8988a961627ad6a591095d0a360d51dc8098d8",
        "type": "github"
      },
      "original": {
        "id": "nur",
        "type": "indirect"
      }
    },
    "root": {
      "inputs": {
        "home-manager": "home-manager",
        "my-nixpkgs": "my-nixpkgs",
        "nixos-hardware": "nixos-hardware",
        "nixpkgs": "nixpkgs_2"
      }
    },
    "utils": {
      "locked": {
        "lastModified": 1667395993,
        "narHash": "sha256-nuEHfE/LcWyuSWnS8t12N1wc105Qtau+/OdUAjtQ0rA=",
        "owner": "numtide",
        "repo": "flake-utils",
        "rev": "5aed5285a952e0b949eb3ba02c12fa4fcfef535f",
        "type": "github"
      },
      "original": {
        "owner": "numtide",
        "repo": "flake-utils",
        "type": "github"
      }
    }
  },
  "root": "root",
  "version": 7
}
